// !$*UTF8*$!
{
	archiveVersion = 1;
	classes = {
	};
	objectVersion = 48;
	objects = {

/* Begin PBXBuildFile section */
		849219BE1FDBA34F005E3C6D /* AppDelegate.swift in Sources */ = {isa = PBXBuildFile; fileRef = 849219BD1FDBA34F005E3C6D /* AppDelegate.swift */; };
		849219C01FDBA34F005E3C6D /* ViewController.swift in Sources */ = {isa = PBXBuildFile; fileRef = 849219BF1FDBA34F005E3C6D /* ViewController.swift */; };
		849219C31FDBA34F005E3C6D /* Main.storyboard in Resources */ = {isa = PBXBuildFile; fileRef = 849219C11FDBA34F005E3C6D /* Main.storyboard */; };
		849219C51FDBA34F005E3C6D /* Assets.xcassets in Resources */ = {isa = PBXBuildFile; fileRef = 849219C41FDBA34F005E3C6D /* Assets.xcassets */; };
		849219C81FDBA34F005E3C6D /* LaunchScreen.storyboard in Resources */ = {isa = PBXBuildFile; fileRef = 849219C61FDBA34F005E3C6D /* LaunchScreen.storyboard */; };
/* End PBXBuildFile section */

/* Begin PBXFileReference section */
		849219BA1FDBA34F005E3C6D /* Service A.app */ = {isa = PBXFileReference; explicitFileType = wrapper.application; includeInIndex = 0; path = "Service A.app"; sourceTree = BUILT_PRODUCTS_DIR; };
		849219BD1FDBA34F005E3C6D /* AppDelegate.swift */ = {isa = PBXFileReference; lastKnownFileType = sourcecode.swift; path = AppDelegate.swift; sourceTree = "<group>"; };
		849219BF1FDBA34F005E3C6D /* ViewController.swift */ = {isa = PBXFileReference; lastKnownFileType = sourcecode.swift; path = ViewController.swift; sourceTree = "<group>"; };
		849219C21FDBA34F005E3C6D /* Base */ = {isa = PBXFileReference; lastKnownFileType = file.storyboard; name = Base; path = Base.lproj/Main.storyboard; sourceTree = "<group>"; };
		849219C41FDBA34F005E3C6D /* Assets.xcassets */ = {isa = PBXFileReference; lastKnownFileType = folder.assetcatalog; path = Assets.xcassets; sourceTree = "<group>"; };
		849219C71FDBA34F005E3C6D /* Base */ = {isa = PBXFileReference; lastKnownFileType = file.storyboard; name = Base; path = Base.lproj/LaunchScreen.storyboard; sourceTree = "<group>"; };
		849219C91FDBA34F005E3C6D /* Info.plist */ = {isa = PBXFileReference; lastKnownFileType = text.plist.xml; path = Info.plist; sourceTree = "<group>"; };
/* End PBXFileReference section */

/* Begin PBXFrameworksBuildPhase section */
		849219B71FDBA34F005E3C6D /* Frameworks */ = {
			isa = PBXFrameworksBuildPhase;
			buildActionMask = 2147483647;
			files = (
			);
			runOnlyForDeploymentPostprocessing = 0;
		};
/* End PBXFrameworksBuildPhase section */

/* Begin PBXGroup section */
		849219B11FDBA34F005E3C6D = {
			isa = PBXGroup;
			children = (
				849219BC1FDBA34F005E3C6D /* Service A */,
				849219BB1FDBA34F005E3C6D /* Products */,
			);
			sourceTree = "<group>";
		};
		849219BB1FDBA34F005E3C6D /* Products */ = {
			isa = PBXGroup;
			children = (
				849219BA1FDBA34F005E3C6D /* Service A.app */,
			);
			name = Products;
			sourceTree = "<group>";
		};
		849219BC1FDBA34F005E3C6D /* Service A */ = {
			isa = PBXGroup;
			children = (
				849219BD1FDBA34F005E3C6D /* AppDelegate.swift */,
				849219BF1FDBA34F005E3C6D /* ViewController.swift */,
				849219C11FDBA34F005E3C6D /* Main.storyboard */,
				849219C41FDBA34F005E3C6D /* Assets.xcassets */,
				849219C61FDBA34F005E3C6D /* LaunchScreen.storyboard */,
				849219C91FDBA34F005E3C6D /* Info.plist */,
			);
			path = "Service A";
			sourceTree = "<group>";
		};
/* End PBXGroup section */

/* Begin PBXNativeTarget section */
		849219B91FDBA34F005E3C6D /* Service A */ = {
			isa = PBXNativeTarget;
			buildConfigurationList = 849219CC1FDBA34F005E3C6D /* Build configuration list for PBXNativeTarget "Service A" */;
			buildPhases = (
				849219B61FDBA34F005E3C6D /* Sources */,
				849219B71FDBA34F005E3C6D /* Frameworks */,
				849219B81FDBA34F005E3C6D /* Resources */,
			);
			buildRules = (
			);
			dependencies = (
			);
			name = "Service A";
			productName = "Service A";
			productReference = 849219BA1FDBA34F005E3C6D /* Service A.app */;
			productType = "com.apple.product-type.application";
		};
/* End PBXNativeTarget section */

/* Begin PBXProject section */
		849219B21FDBA34F005E3C6D /* Project object */ = {
			isa = PBXProject;
			attributes = {
				LastSwiftUpdateCheck = 0900;
				LastUpgradeCheck = 0900;
				ORGANIZATIONNAME = paradoxjava;
				TargetAttributes = {
					849219B91FDBA34F005E3C6D = {
						CreatedOnToolsVersion = 9.0.1;
						ProvisioningStyle = Automatic;
					};
				};
			};
			buildConfigurationList = 849219B51FDBA34F005E3C6D /* Build configuration list for PBXProject "Service A" */;
			compatibilityVersion = "Xcode 8.0";
			developmentRegion = en;
			hasScannedForEncodings = 0;
			knownRegions = (
				en,
				Base,
			);
			mainGroup = 849219B11FDBA34F005E3C6D;
			productRefGroup = 849219BB1FDBA34F005E3C6D /* Products */;
			projectDirPath = "";
			projectRoot = "";
			targets = (
				849219B91FDBA34F005E3C6D /* Service A */,
			);
		};
/* End PBXProject section */

/* Begin PBXResourcesBuildPhase section */
		849219B81FDBA34F005E3C6D /* Resources */ = {
			isa = PBXResourcesBuildPhase;
			buildActionMask = 2147483647;
			files = (
				849219C81FDBA34F005E3C6D /* LaunchScreen.storyboard in Resources */,
				849219C51FDBA34F005E3C6D /* Assets.xcassets in Resources */,
				849219C31FDBA34F005E3C6D /* Main.storyboard in Resources */,
			);
			runOnlyForDeploymentPostprocessing = 0;
		};
/* End PBXResourcesBuildPhase section */

/* Begin PBXSourcesBuildPhase section */
		849219B61FDBA34F005E3C6D /* Sources */ = {
			isa = PBXSourcesBuildPhase;
			buildActionMask = 2147483647;
			files = (
				849219C01FDBA34F005E3C6D /* ViewController.swift in Sources */,
				849219BE1FDBA34F005E3C6D /* AppDelegate.swift in Sources */,
			);
			runOnlyForDeploymentPostprocessing = 0;
		};
/* End PBXSourcesBuildPhase section */

/* Begin PBXVariantGroup section */
		849219C11FDBA34F005E3C6D /* Main.storyboard */ = {
			isa = PBXVariantGroup;
			children = (
				849219C21FDBA34F005E3C6D /* Base */,
			);
			name = Main.storyboard;
			sourceTree = "<group>";
		};
		849219C61FDBA34F005E3C6D /* LaunchScreen.storyboard */ = {
			isa = PBXVariantGroup;
			children = (
				849219C71FDBA34F005E3C6D /* Base */,
			);
			name = LaunchScreen.storyboard;
			sourceTree = "<group>";
		};
/* End PBXVariantGroup section */

/* Begin XCBuildConfiguration section */
		849219CA1FDBA34F005E3C6D /* Debug */ = {
			isa = XCBuildConfiguration;
			buildSettings = {
				ALWAYS_SEARCH_USER_PATHS = NO;
				CLANG_ANALYZER_NONNULL = YES;
				CLANG_ANALYZER_NUMBER_OBJECT_CONVERSION = YES_AGGRESSIVE;
				CLANG_CXX_LANGUAGE_STANDARD = "gnu++14";
				CLANG_CXX_LIBRARY = "libc++";
				CLANG_ENABLE_MODULES = YES;
				CLANG_ENABLE_OBJC_ARC = YES;
				CLANG_WARN_BLOCK_CAPTURE_AUTORELEASING = YES;
				CLANG_WARN_BOOL_CONVERSION = YES;
				CLANG_WARN_COMMA = YES;
				CLANG_WARN_CONSTANT_CONVERSION = YES;
				CLANG_WARN_DIRECT_OBJC_ISA_USAGE = YES_ERROR;
				CLANG_WARN_DOCUMENTATION_COMMENTS = YES;
				CLANG_WARN_EMPTY_BODY = YES;
				CLANG_WARN_ENUM_CONVERSION = YES;
				CLANG_WARN_INFINITE_RECURSION = YES;
				CLANG_WARN_INT_CONVERSION = YES;
				CLANG_WARN_NON_LITERAL_NULL_CONVERSION = YES;
				CLANG_WARN_OBJC_LITERAL_CONVERSION = YES;
				CLANG_WARN_OBJC_ROOT_CLASS = YES_ERROR;
				CLANG_WARN_RANGE_LOOP_ANALYSIS = YES;
				CLANG_WARN_STRICT_PROTOTYPES = YES;
				CLANG_WARN_SUSPICIOUS_MOVE = YES;
				CLANG_WARN_UNGUARDED_AVAILABILITY = YES_AGGRESSIVE;
				CLANG_WARN_UNREACHABLE_CODE = YES;
				CLANG_WARN__DUPLICATE_METHOD_MATCH = YES;
				CODE_SIGN_IDENTITY = "iPhone Developer";
				COPY_PHASE_STRIP = NO;
				DEBUG_INFORMATION_FORMAT = dwarf;
				ENABLE_STRICT_OBJC_MSGSEND = YES;
				ENABLE_TESTABILITY = YES;
				GCC_C_LANGUAGE_STANDARD = gnu11;
				GCC_DYNAMIC_NO_PIC = NO;
				GCC_NO_COMMON_BLOCKS = YES;
				GCC_OPTIMIZATION_LEVEL = 0;
				GCC_PREPROCESSOR_DEFINITIONS = (
					"DEBUG=1",
					"$(inherited)",
				);
				GCC_WARN_64_TO_32_BIT_CONVERSION = YES;
				GCC_WARN_ABOUT_RETURN_TYPE = YES_ERROR;
				GCC_WARN_UNDECLARED_SELECTOR = YES;
				GCC_WARN_UNINITIALIZED_AUTOS = YES_AGGRESSIVE;
				GCC_WARN_UNUSED_FUNCTION = YES;
				GCC_WARN_UNUSED_VARIABLE = YES;
				IPHONEOS_DEPLOYMENT_TARGET = 11.0;
				MTL_ENABLE_DEBUG_INFO = YES;
				ONLY_ACTIVE_ARCH = YES;
				SDKROOT = iphoneos;
				SWIFT_ACTIVE_COMPILATION_CONDITIONS = DEBUG;
				SWIFT_OPTIMIZATION_LEVEL = "-Onone";
			};
			name = Debug;
		};
		849219CB1FDBA34F005E3C6D /* Release */ = {
			isa = XCBuildConfiguration;
			buildSettings = {
				ALWAYS_SEARCH_USER_PATHS = NO;
				CLANG_ANALYZER_NONNULL = YES;
				CLANG_ANALYZER_NUMBER_OBJECT_CONVERSION = YES_AGGRESSIVE;
				CLANG_CXX_LANGUAGE_STANDARD = "gnu++14";
				CLANG_CXX_LIBRARY = "libc++";
				CLANG_ENABLE_MODULES = YES;
				CLANG_ENABLE_OBJC_ARC = YES;
				CLANG_WARN_BLOCK_CAPTURE_AUTORELEASING = YES;
				CLANG_WARN_BOOL_CONVERSION = YES;
				CLANG_WARN_COMMA = YES;
				CLANG_WARN_CONSTANT_CONVERSION = YES;
				CLANG_WARN_DIRECT_OBJC_ISA_USAGE = YES_ERROR;
				CLANG_WARN_DOCUMENTATION_COMMENTS = YES;
				CLANG_WARN_EMPTY_BODY = YES;
				CLANG_WARN_ENUM_CONVERSION = YES;
				CLANG_WARN_INFINITE_RECURSION = YES;
				CLANG_WARN_INT_CONVERSION = YES;
				CLANG_WARN_NON_LITERAL_NULL_CONVERSION = YES;
				CLANG_WARN_OBJC_LITERAL_CONVERSION = YES;
				CLANG_WARN_OBJC_ROOT_CLASS = YES_ERROR;
				CLANG_WARN_RANGE_LOOP_ANALYSIS = YES;
				CLANG_WARN_STRICT_PROTOTYPES = YES;
				CLANG_WARN_SUSPICIOUS_MOVE = YES;
				CLANG_WARN_UNGUARDED_AVAILABILITY = YES_AGGRESSIVE;
				CLANG_WARN_UNREACHABLE_CODE = YES;
				CLANG_WARN__DUPLICATE_METHOD_MATCH = YES;
				CODE_SIGN_IDENTITY = "iPhone Developer";
				COPY_PHASE_STRIP = NO;
				DEBUG_INFORMATION_FORMAT = "dwarf-with-dsym";
				ENABLE_NS_ASSERTIONS = NO;
				ENABLE_STRICT_OBJC_MSGSEND = YES;
				GCC_C_LANGUAGE_STANDARD = gnu11;
				GCC_NO_COMMON_BLOCKS = YES;
				GCC_WARN_64_TO_32_BIT_CONVERSION = YES;
				GCC_WARN_ABOUT_RETURN_TYPE = YES_ERROR;
				GCC_WARN_UNDECLARED_SELECTOR = YES;
				GCC_WARN_UNINITIALIZED_AUTOS = YES_AGGRESSIVE;
				GCC_WARN_UNUSED_FUNCTION = YES;
				GCC_WARN_UNUSED_VARIABLE = YES;
				IPHONEOS_DEPLOYMENT_TARGET = 11.0;
				MTL_ENABLE_DEBUG_INFO = NO;
				SDKROOT = iphoneos;
				SWIFT_OPTIMIZATION_LEVEL = "-Owholemodule";
				VALIDATE_PRODUCT = YES;
			};
			name = Release;
		};
		849219CD1FDBA34F005E3C6D /* Debug */ = {
			isa = XCBuildConfiguration;
			buildSettings = {
				ASSETCATALOG_COMPILER_APPICON_NAME = AppIcon;
				CODE_SIGN_STYLE = Automatic;
				DEVELOPMENT_TEAM = 93NENP24R6;
				INFOPLIST_FILE = "Service A/Info.plist";
				LD_RUNPATH_SEARCH_PATHS = "$(inherited) @executable_path/Frameworks";
				PRODUCT_BUNDLE_IDENTIFIER = "paradoxjava.com.Service-A";
				PRODUCT_NAME = "$(TARGET_NAME)";
				SWIFT_VERSION = 4.0;
				TARGETED_DEVICE_FAMILY = "1,2";
			};
			name = Debug;
		};
		849219CE1FDBA34F005E3C6D /* Release */ = {
			isa = XCBuildConfiguration;
			buildSettings = {
				ASSETCATALOG_COMPILER_APPICON_NAME = AppIcon;
				CODE_SIGN_STYLE = Automatic;
				DEVELOPMENT_TEAM = 93NENP24R6;
				INFOPLIST_FILE = "Service A/Info.plist";
				LD_RUNPATH_SEARCH_PATHS = "$(inherited) @executable_path/Frameworks";
				PRODUCT_BUNDLE_IDENTIFIER = "paradoxjava.com.Service-A";
				PRODUCT_NAME = "$(TARGET_NAME)";
				SWIFT_VERSION = 4.0;
				TARGETED_DEVICE_FAMILY = "1,2";
			};
			name = Release;
		};
/* End XCBuildConfiguration section */

/* Begin XCConfigurationList section */
		849219B51FDBA34F005E3C6D /* Build configuration list for PBXProject "Service A" */ = {
			isa = XCConfigurationList;
			buildConfigurations = (
				849219CA1FDBA34F005E3C6D /* Debug */,
				849219CB1FDBA34F005E3C6D /* Release */,
			);
			defaultConfigurationIsVisible = 0;
			defaultConfigurationName = Release;
		};
		849219CC1FDBA34F005E3C6D /* Build configuration list for PBXNativeTarget "Service A" */ = {
			isa = XCConfigurationList;
			buildConfigurations = (
				849219CD1FDBA34F005E3C6D /* Debug */,
				849219CE1FDBA34F005E3C6D /* Release */,
			);
			defaultConfigurationIsVisible = 0;
			defaultConfigurationName = Release;
		};
/* End XCConfigurationList section */
	};
	rootObject = 849219B21FDBA34F005E3C6D /* Project object */;
}
